
Microsoft Visual Studio Solution File, Format Version 12.00
# Visual Studio Version 17
VisualStudioVersion = 17.13.35825.156 d17.13
MinimumVisualStudioVersion = 10.0.40219.1
Project("{FAE04EC0-301F-11D3-BF4B-00C04F79EFBC}") = "CsvHelperSample.ConsoleApp", "CsvHelperSample.ConsoleApp\CsvHelperSample.ConsoleApp.csproj", "{77F1B887-D27E-4E3F-8AB6-1CEC6D074533}"
EndProject
Global
	GlobalSection(SolutionConfigurationPlatforms) = preSolution
		Debug|Any CPU = Debug|Any CPU
		Release|Any CPU = Release|Any CPU
	EndGlobalSection
	GlobalSection(ProjectConfigurationPlatforms) = postSolution
		{77F1B887-D27E-4E3F-8AB6-1CEC6D074533}.Debug|Any CPU.ActiveCfg = Debug|Any CPU
		{77F1B887-D27E-4E3F-8AB6-1CEC6D074533}.Debug|Any CPU.Build.0 = Debug|Any CPU
		{77F1B887-D27E-4E3F-8AB6-1CEC6D074533}.Release|Any CPU.ActiveCfg = Release|Any CPU
		{77F1B887-D27E-4E3F-8AB6-1CEC6D074533}.Release|Any CPU.Build.0 = Release|Any CPU
	EndGlobalSection
	GlobalSection(SolutionProperties) = preSolution
		HideSolutionNode = FALSE
	EndGlobalSection
	GlobalSection(ExtensibilityGlobals) = postSolution
		SolutionGuid = {77507E50-6868-4D1C-8C6D-3717BA94579F}
	EndGlobalSection
EndGlobal
